
Microsoft Visual Studio Solution File, Format Version 12.00
# Visual Studio Version 17
VisualStudioVersion = 17.10.35013.160
MinimumVisualStudioVersion = 10.0.40219.1
Project("{FAE04EC0-301F-11D3-BF4B-00C04F79EFBC}") = "Calc", "Calc\Calc.csproj", "{E665C1F1-1DB2-4FB8-B77A-895BCA558B20}"
EndProject
Global
	GlobalSection(SolutionConfigurationPlatforms) = preSolution
		Debug|Any CPU = Debug|Any CPU
		Release|Any CPU = Release|Any CPU
	EndGlobalSection
	GlobalSection(ProjectConfigurationPlatforms) = postSolution
		{E665C1F1-1DB2-4FB8-B77A-895BCA558B20}.Debug|Any CPU.ActiveCfg = Debug|Any CPU
		{E665C1F1-1DB2-4FB8-B77A-895BCA558B20}.Debug|Any CPU.Build.0 = Debug|Any CPU
		{E665C1F1-1DB2-4FB8-B77A-895BCA558B20}.Release|Any CPU.ActiveCfg = Release|Any CPU
		{E665C1F1-1DB2-4FB8-B77A-895BCA558B20}.Release|Any CPU.Build.0 = Release|Any CPU
	EndGlobalSection
	GlobalSection(SolutionProperties) = preSolution
		HideSolutionNode = FALSE
	EndGlobalSection
	GlobalSection(ExtensibilityGlobals) = postSolution
		SolutionGuid = {E8C52461-ABE6-4F84-8E40-4069FE1816A1}
	EndGlobalSection
EndGlobal
