
Microsoft Visual Studio Solution File, Format Version 12.00
# Visual Studio Version 17
VisualStudioVersion = 17.10.35013.160
MinimumVisualStudioVersion = 10.0.40219.1
Project("{FAE04EC0-301F-11D3-BF4B-00C04F79EFBC}") = "Quiz", "Quiz\Quiz.csproj", "{3FAF8934-1F1A-4492-896D-E20046B716D3}"
EndProject
Global
	GlobalSection(SolutionConfigurationPlatforms) = preSolution
		Debug|Any CPU = Debug|Any CPU
		Release|Any CPU = Release|Any CPU
	EndGlobalSection
	GlobalSection(ProjectConfigurationPlatforms) = postSolution
		{3FAF8934-1F1A-4492-896D-E20046B716D3}.Debug|Any CPU.ActiveCfg = Debug|Any CPU
		{3FAF8934-1F1A-4492-896D-E20046B716D3}.Debug|Any CPU.Build.0 = Debug|Any CPU
		{3FAF8934-1F1A-4492-896D-E20046B716D3}.Release|Any CPU.ActiveCfg = Release|Any CPU
		{3FAF8934-1F1A-4492-896D-E20046B716D3}.Release|Any CPU.Build.0 = Release|Any CPU
	EndGlobalSection
	GlobalSection(SolutionProperties) = preSolution
		HideSolutionNode = FALSE
	EndGlobalSection
	GlobalSection(ExtensibilityGlobals) = postSolution
		SolutionGuid = {7E2FD2D3-DDD2-492A-990B-92C1D71AB817}
	EndGlobalSection
EndGlobal
