
Microsoft Visual Studio Solution File, Format Version 12.00
# Visual Studio Version 17
VisualStudioVersion = 17.10.35013.160
MinimumVisualStudioVersion = 10.0.40219.1
Project("{FAE04EC0-301F-11D3-BF4B-00C04F79EFBC}") = "A. Anton and Danik", "A. Anton and Danik\A. Anton and Danik.csproj", "{9166F436-2D9D-459E-8721-DB0357587743}"
EndProject
Global
	GlobalSection(SolutionConfigurationPlatforms) = preSolution
		Debug|Any CPU = Debug|Any CPU
		Release|Any CPU = Release|Any CPU
	EndGlobalSection
	GlobalSection(ProjectConfigurationPlatforms) = postSolution
		{9166F436-2D9D-459E-8721-DB0357587743}.Debug|Any CPU.ActiveCfg = Debug|Any CPU
		{9166F436-2D9D-459E-8721-DB0357587743}.Debug|Any CPU.Build.0 = Debug|Any CPU
		{9166F436-2D9D-459E-8721-DB0357587743}.Release|Any CPU.ActiveCfg = Release|Any CPU
		{9166F436-2D9D-459E-8721-DB0357587743}.Release|Any CPU.Build.0 = Release|Any CPU
	EndGlobalSection
	GlobalSection(SolutionProperties) = preSolution
		HideSolutionNode = FALSE
	EndGlobalSection
	GlobalSection(ExtensibilityGlobals) = postSolution
		SolutionGuid = {033E4A18-9B74-4A6F-A46B-084C96AA1692}
	EndGlobalSection
EndGlobal
